
Microsoft Visual Studio Solution File, Format Version 12.00
# Visual Studio Version 16
VisualStudioVersion = 16.0.32126.315
MinimumVisualStudioVersion = 10.0.40219.1
Project("{9A19103F-16F7-4668-BE54-9A1E7A4F7556}") = "AreaFigures", "AreaFigures\AreaFigures.csproj", "{FCD728CC-A63B-4877-BAF3-B510D115858F}"
EndProject
Project("{9A19103F-16F7-4668-BE54-9A1E7A4F7556}") = "CalculateAreaLibrary", "CalculateArea\CalculateAreaLibrary.csproj", "{95EE9E02-05F6-45DE-A28D-95DF4C05238B}"
EndProject
Project("{9A19103F-16F7-4668-BE54-9A1E7A4F7556}") = "CalculateAreaLibrary.Tests", "CalculateAreaLibrary.Tests\CalculateAreaLibrary.Tests.csproj", "{B5D0DA58-5998-4195-9D04-99D88B099931}"
EndProject
Project("{2150E333-8FDC-42A3-9474-1A3956D46DE8}") = "Solution Items", "Solution Items", "{723BE2E7-5483-4B36-926E-4DF2F9FFF8F7}"
	ProjectSection(SolutionItems) = preProject
		Sql_Task_Testing.sql = Sql_Task_Testing.sql
	EndProjectSection
EndProject
Project("{FAE04EC0-301F-11D3-BF4B-00C04F79EFBC}") = "DisplayInformationLibrary", "DisplayInformationLibrary\DisplayInformationLibrary.csproj", "{D92F5948-C4DE-4253-920E-9A3730B017B0}"
EndProject
Global
	GlobalSection(SolutionConfigurationPlatforms) = preSolution
		Debug|Any CPU = Debug|Any CPU
		Release|Any CPU = Release|Any CPU
	EndGlobalSection
	GlobalSection(ProjectConfigurationPlatforms) = postSolution
		{FCD728CC-A63B-4877-BAF3-B510D115858F}.Debug|Any CPU.ActiveCfg = Debug|Any CPU
		{FCD728CC-A63B-4877-BAF3-B510D115858F}.Debug|Any CPU.Build.0 = Debug|Any CPU
		{FCD728CC-A63B-4877-BAF3-B510D115858F}.Release|Any CPU.ActiveCfg = Release|Any CPU
		{FCD728CC-A63B-4877-BAF3-B510D115858F}.Release|Any CPU.Build.0 = Release|Any CPU
		{95EE9E02-05F6-45DE-A28D-95DF4C05238B}.Debug|Any CPU.ActiveCfg = Debug|Any CPU
		{95EE9E02-05F6-45DE-A28D-95DF4C05238B}.Debug|Any CPU.Build.0 = Debug|Any CPU
		{95EE9E02-05F6-45DE-A28D-95DF4C05238B}.Release|Any CPU.ActiveCfg = Release|Any CPU
		{95EE9E02-05F6-45DE-A28D-95DF4C05238B}.Release|Any CPU.Build.0 = Release|Any CPU
		{B5D0DA58-5998-4195-9D04-99D88B099931}.Debug|Any CPU.ActiveCfg = Debug|Any CPU
		{B5D0DA58-5998-4195-9D04-99D88B099931}.Debug|Any CPU.Build.0 = Debug|Any CPU
		{B5D0DA58-5998-4195-9D04-99D88B099931}.Release|Any CPU.ActiveCfg = Release|Any CPU
		{B5D0DA58-5998-4195-9D04-99D88B099931}.Release|Any CPU.Build.0 = Release|Any CPU
		{D92F5948-C4DE-4253-920E-9A3730B017B0}.Debug|Any CPU.ActiveCfg = Debug|Any CPU
		{D92F5948-C4DE-4253-920E-9A3730B017B0}.Debug|Any CPU.Build.0 = Debug|Any CPU
		{D92F5948-C4DE-4253-920E-9A3730B017B0}.Release|Any CPU.ActiveCfg = Release|Any CPU
		{D92F5948-C4DE-4253-920E-9A3730B017B0}.Release|Any CPU.Build.0 = Release|Any CPU
	EndGlobalSection
	GlobalSection(SolutionProperties) = preSolution
		HideSolutionNode = FALSE
	EndGlobalSection
	GlobalSection(ExtensibilityGlobals) = postSolution
		SolutionGuid = {5C7DCE14-CF4A-473A-9B12-AD909C7A2F89}
	EndGlobalSection
EndGlobal
